PODS:
  - Flutter (1.0.0)
  - flutter_scandit (0.0.1):
    - Flutter
    - ScanditBarcodeCapture (~> 6.1)
  - ScanditBarcodeCapture (6.5.3):
    - ScanditCaptureCore (= 6.5.3)
  - ScanditCaptureCore (6.5.3)

DEPENDENCIES:
  - Flutter (from `Flutter`)
  - flutter_scandit (from `.symlinks/plugins/flutter_scandit/ios`)

SPEC REPOS:
  trunk:
    - ScanditBarcodeCapture
    - ScanditCaptureCore

EXTERNAL SOURCES:
  Flutter:
    :path: Flutter
  flutter_scandit:
    :path: ".symlinks/plugins/flutter_scandit/ios"

SPEC CHECKSUMS:
  Flutter: 434fef37c0980e73bb6479ef766c45957d4b510c
  flutter_scandit: 9506d411cd63c3c804ef34556b47d9372968c09e
  ScanditBarcodeCapture: 5c03438c43ef43d398501e8a7b96db6f0dfd6bfc
  ScanditCaptureCore: 86891067187c554f1f9a396d709ea4d98156127f

PODFILE CHECKSUM: aafe91acc616949ddb318b77800a7f51bffa2a4c

COCOAPODS: 1.10.1
